
Microsoft Visual Studio Solution File, Format Version 12.00
# Visual Studio Version 16
VisualStudioVersion = 16.0.30517.126
MinimumVisualStudioVersion = 10.0.40219.1
Project("{FAE04EC0-301F-11D3-BF4B-00C04F79EFBC}") = "ProjectManagementAuth.API", "ProjectManagementAuth.API\ProjectManagementAuth.API.csproj", "{E447598B-CF76-4CDE-BD07-9BF8821ECC44}"
EndProject
Global
	GlobalSection(SolutionConfigurationPlatforms) = preSolution
		Debug|Any CPU = Debug|Any CPU
		Release|Any CPU = Release|Any CPU
	EndGlobalSection
	GlobalSection(ProjectConfigurationPlatforms) = postSolution
		{E447598B-CF76-4CDE-BD07-9BF8821ECC44}.Debug|Any CPU.ActiveCfg = Debug|Any CPU
		{E447598B-CF76-4CDE-BD07-9BF8821ECC44}.Debug|Any CPU.Build.0 = Debug|Any CPU
		{E447598B-CF76-4CDE-BD07-9BF8821ECC44}.Release|Any CPU.ActiveCfg = Release|Any CPU
		{E447598B-CF76-4CDE-BD07-9BF8821ECC44}.Release|Any CPU.Build.0 = Release|Any CPU
	EndGlobalSection
	GlobalSection(SolutionProperties) = preSolution
		HideSolutionNode = FALSE
	EndGlobalSection
	GlobalSection(ExtensibilityGlobals) = postSolution
		SolutionGuid = {34986B15-D7E6-4924-997C-0BFB08A723F0}
	EndGlobalSection
EndGlobal
